Microsoft Visual Studio Solution File, Format Version 12.00
# Visual Studio Version 17
VisualStudioVersion = 17.5.2.0
MinimumVisualStudioVersion = 10.0.40219.1
Project("{FAE04EC0-301F-11D3-BF4B-00C04F79EFBC}") = "MusicApp.Backend", "MusicApp.Backend\MusicApp.Backend.csproj", "{E90B80E8-524D-7EBC-F2F6-A0DD3E90441B}"
EndProject
Global
	GlobalSection(SolutionConfigurationPlatforms) = preSolution
		Debug|Any CPU = Debug|Any CPU
		Release|Any CPU = Release|Any CPU
	EndGlobalSection
	GlobalSection(ProjectConfigurationPlatforms) = postSolution
		{E90B80E8-524D-7EBC-F2F6-A0DD3E90441B}.Debug|Any CPU.ActiveCfg = Debug|Any CPU
		{E90B80E8-524D-7EBC-F2F6-A0DD3E90441B}.Debug|Any CPU.Build.0 = Debug|Any CPU
		{E90B80E8-524D-7EBC-F2F6-A0DD3E90441B}.Release|Any CPU.ActiveCfg = Release|Any CPU
		{E90B80E8-524D-7EBC-F2F6-A0DD3E90441B}.Release|Any CPU.Build.0 = Release|Any CPU
	EndGlobalSection
	GlobalSection(SolutionProperties) = preSolution
		HideSolutionNode = FALSE
	EndGlobalSection
	GlobalSection(ExtensibilityGlobals) = postSolution
		SolutionGuid = {E5A2A23C-CB46-4B87-BA9B-9473971F0C68}
	EndGlobalSection
EndGlobal
